// !$*UTF8*$!
{
	archiveVersion = 1;
	classes = {
	};
	objectVersion = 56;
	objects = {

/* Begin PBXBuildFile section */
		4C01BEDF2C26B081006B431B /* MarsRoverPicsApp.swift in Sources */ = {isa = PBXBuildFile; fileRef = 4C01BEDE2C26B081006B431B /* MarsRoverPicsApp.swift */; };
		4C01BEE12C26B081006B431B /* ContentView.swift in Sources */ = {isa = PBXBuildFile; fileRef = 4C01BEE02C26B081006B431B /* ContentView.swift */; };
		4C01BEE32C26B082006B431B /* Assets.xcassets in Resources */ = {isa = PBXBuildFile; fileRef = 4C01BEE22C26B082006B431B /* Assets.xcassets */; };
		4C01BEE62C26B082006B431B /* Preview Assets.xcassets in Resources */ = {isa = PBXBuildFile; fileRef = 4C01BEE52C26B082006B431B /* Preview Assets.xcassets */; };
		4C01BEED2C26B20D006B431B /* README.md in Resources */ = {isa = PBXBuildFile; fileRef = 4C01BEEC2C26B20D006B431B /* README.md */; };
		4C01BEF12C26B458006B431B /* Config.xcconfig in Resources */ = {isa = PBXBuildFile; fileRef = 4C01BEF02C26B458006B431B /* Config.xcconfig */; };
		4C01BEF52C26BDBA006B431B /* Photo.swift in Sources */ = {isa = PBXBuildFile; fileRef = 4C01BEF42C26BDBA006B431B /* Photo.swift */; };
		4C01BEF72C26BE02006B431B /* Photos.swift in Sources */ = {isa = PBXBuildFile; fileRef = 4C01BEF62C26BE02006B431B /* Photos.swift */; };
		4C781FB02C29B5F90097D505 /* ContentViewModel.swift in Sources */ = {isa = PBXBuildFile; fileRef = 4C781FAF2C29B5F90097D505 /* ContentViewModel.swift */; };
		4CA61DA02C2EFCDA00F61813 /* Cam.swift in Sources */ = {isa = PBXBuildFile; fileRef = 4CA61D9F2C2EFCDA00F61813 /* Cam.swift */; };
		4CA61DA22C2F01EC00F61813 /* Consts.swift in Sources */ = {isa = PBXBuildFile; fileRef = 4CA61DA12C2F01EC00F61813 /* Consts.swift */; };
/* End PBXBuildFile section */

/* Begin PBXFileReference section */
		4C01BEDB2C26B081006B431B /* MarsRoverPics.app */ = {isa = PBXFileReference; explicitFileType = wrapper.application; includeInIndex = 0; path = MarsRoverPics.app; sourceTree = BUILT_PRODUCTS_DIR; };
		4C01BEDE2C26B081006B431B /* MarsRoverPicsApp.swift */ = {isa = PBXFileReference; lastKnownFileType = sourcecode.swift; path = MarsRoverPicsApp.swift; sourceTree = "<group>"; };
		4C01BEE02C26B081006B431B /* ContentView.swift */ = {isa = PBXFileReference; lastKnownFileType = sourcecode.swift; path = ContentView.swift; sourceTree = "<group>"; };
		4C01BEE22C26B082006B431B /* Assets.xcassets */ = {isa = PBXFileReference; lastKnownFileType = folder.assetcatalog; path = Assets.xcassets; sourceTree = "<group>"; };
		4C01BEE52C26B082006B431B /* Preview Assets.xcassets */ = {isa = PBXFileReference; lastKnownFileType = folder.assetcatalog; path = "Preview Assets.xcassets"; sourceTree = "<group>"; };
		4C01BEEC2C26B20D006B431B /* README.md */ = {isa = PBXFileReference; lastKnownFileType = net.daringfireball.markdown; path = README.md; sourceTree = "<group>"; };
		4C01BEF02C26B458006B431B /* Config.xcconfig */ = {isa = PBXFileReference; lastKnownFileType = text.xcconfig; path = Config.xcconfig; sourceTree = "<group>"; };
		4C01BEF22C26B738006B431B /* Info.plist */ = {isa = PBXFileReference; lastKnownFileType = text.plist; path = Info.plist; sourceTree = "<group>"; };
		4C01BEF42C26BDBA006B431B /* Photo.swift */ = {isa = PBXFileReference; lastKnownFileType = sourcecode.swift; path = Photo.swift; sourceTree = "<group>"; };
		4C01BEF62C26BE02006B431B /* Photos.swift */ = {isa = PBXFileReference; lastKnownFileType = sourcecode.swift; path = Photos.swift; sourceTree = "<group>"; };
		4C781FAF2C29B5F90097D505 /* ContentViewModel.swift */ = {isa = PBXFileReference; lastKnownFileType = sourcecode.swift; path = ContentViewModel.swift; sourceTree = "<group>"; };
		4CA61D9F2C2EFCDA00F61813 /* Cam.swift */ = {isa = PBXFileReference; lastKnownFileType = sourcecode.swift; path = Cam.swift; sourceTree = "<group>"; };
		4CA61DA12C2F01EC00F61813 /* Consts.swift */ = {isa = PBXFileReference; lastKnownFileType = sourcecode.swift; path = Consts.swift; sourceTree = "<group>"; };
/* End PBXFileReference section */

/* Begin PBXFrameworksBuildPhase section */
		4C01BED82C26B081006B431B /* Frameworks */ = {
			isa = PBXFrameworksBuildPhase;
			buildActionMask = 2147483647;
			files = (
			);
			runOnlyForDeploymentPostprocessing = 0;
		};
/* End PBXFrameworksBuildPhase section */

/* Begin PBXGroup section */
		4C01BED22C26B081006B431B = {
			isa = PBXGroup;
			children = (
				4C01BEDD2C26B081006B431B /* MarsRoverPics */,
				4C01BEDC2C26B081006B431B /* Products */,
			);
			sourceTree = "<group>";
		};
		4C01BEDC2C26B081006B431B /* Products */ = {
			isa = PBXGroup;
			children = (
				4C01BEDB2C26B081006B431B /* MarsRoverPics.app */,
			);
			name = Products;
			sourceTree = "<group>";
		};
		4C01BEDD2C26B081006B431B /* MarsRoverPics */ = {
			isa = PBXGroup;
			children = (
				4CA61D9E2C2EFCBA00F61813 /* Views */,
				4C781FAE2C29B5D00097D505 /* ViewModels */,
				4C01BEF32C26BD74006B431B /* Models */,
				4C01BEF22C26B738006B431B /* Info.plist */,
				4C01BEE22C26B082006B431B /* Assets.xcassets */,
				4C01BEE42C26B082006B431B /* Preview Content */,
				4C01BEEC2C26B20D006B431B /* README.md */,
				4C01BEF02C26B458006B431B /* Config.xcconfig */,
			);
			path = MarsRoverPics;
			sourceTree = "<group>";
		};
		4C01BEE42C26B082006B431B /* Preview Content */ = {
			isa = PBXGroup;
			children = (
				4C01BEE52C26B082006B431B /* Preview Assets.xcassets */,
			);
			path = "Preview Content";
			sourceTree = "<group>";
		};
		4C01BEF32C26BD74006B431B /* Models */ = {
			isa = PBXGroup;
			children = (
				4C01BEF42C26BDBA006B431B /* Photo.swift */,
				4C01BEF62C26BE02006B431B /* Photos.swift */,
				4CA61D9F2C2EFCDA00F61813 /* Cam.swift */,
				4CA61DA12C2F01EC00F61813 /* Consts.swift */,
			);
			path = Models;
			sourceTree = "<group>";
		};
		4C781FAE2C29B5D00097D505 /* ViewModels */ = {
			isa = PBXGroup;
			children = (
				4C781FAF2C29B5F90097D505 /* ContentViewModel.swift */,
			);
			path = ViewModels;
			sourceTree = "<group>";
		};
		4CA61D9E2C2EFCBA00F61813 /* Views */ = {
			isa = PBXGroup;
			children = (
				4C01BEDE2C26B081006B431B /* MarsRoverPicsApp.swift */,
				4C01BEE02C26B081006B431B /* ContentView.swift */,
			);
			path = Views;
			sourceTree = "<group>";
		};
/* End PBXGroup section */

/* Begin PBXNativeTarget section */
		4C01BEDA2C26B081006B431B /* MarsRoverPics */ = {
			isa = PBXNativeTarget;
			buildConfigurationList = 4C01BEE92C26B082006B431B /* Build configuration list for PBXNativeTarget "MarsRoverPics" */;
			buildPhases = (
				4C01BED72C26B081006B431B /* Sources */,
				4C01BED82C26B081006B431B /* Frameworks */,
				4C01BED92C26B081006B431B /* Resources */,
			);
			buildRules = (
			);
			dependencies = (
			);
			name = MarsRoverPics;
			productName = MarsRoverPics;
			productReference = 4C01BEDB2C26B081006B431B /* MarsRoverPics.app */;
			productType = "com.apple.product-type.application";
		};
/* End PBXNativeTarget section */

/* Begin PBXProject section */
		4C01BED32C26B081006B431B /* Project object */ = {
			isa = PBXProject;
			attributes = {
				BuildIndependentTargetsInParallel = 1;
				LastSwiftUpdateCheck = 1540;
				LastUpgradeCheck = 1540;
				TargetAttributes = {
					4C01BEDA2C26B081006B431B = {
						CreatedOnToolsVersion = 15.4;
					};
				};
			};
			buildConfigurationList = 4C01BED62C26B081006B431B /* Build configuration list for PBXProject "MarsRoverPics" */;
			compatibilityVersion = "Xcode 14.0";
			developmentRegion = en;
			hasScannedForEncodings = 0;
			knownRegions = (
				en,
				Base,
			);
			mainGroup = 4C01BED22C26B081006B431B;
			productRefGroup = 4C01BEDC2C26B081006B431B /* Products */;
			projectDirPath = "";
			projectRoot = "";
			targets = (
				4C01BEDA2C26B081006B431B /* MarsRoverPics */,
			);
		};
/* End PBXProject section */

/* Begin PBXResourcesBuildPhase section */
		4C01BED92C26B081006B431B /* Resources */ = {
			isa = PBXResourcesBuildPhase;
			buildActionMask = 2147483647;
			files = (
				4C01BEF12C26B458006B431B /* Config.xcconfig in Resources */,
				4C01BEED2C26B20D006B431B /* README.md in Resources */,
				4C01BEE62C26B082006B431B /* Preview Assets.xcassets in Resources */,
				4C01BEE32C26B082006B431B /* Assets.xcassets in Resources */,
			);
			runOnlyForDeploymentPostprocessing = 0;
		};
/* End PBXResourcesBuildPhase section */

/* Begin PBXSourcesBuildPhase section */
		4C01BED72C26B081006B431B /* Sources */ = {
			isa = PBXSourcesBuildPhase;
			buildActionMask = 2147483647;
			files = (
				4C01BEF72C26BE02006B431B /* Photos.swift in Sources */,
				4C01BEF52C26BDBA006B431B /* Photo.swift in Sources */,
				4C01BEE12C26B081006B431B /* ContentView.swift in Sources */,
				4C01BEDF2C26B081006B431B /* MarsRoverPicsApp.swift in Sources */,
				4CA61DA22C2F01EC00F61813 /* Consts.swift in Sources */,
				4C781FB02C29B5F90097D505 /* ContentViewModel.swift in Sources */,
				4CA61DA02C2EFCDA00F61813 /* Cam.swift in Sources */,
			);
			runOnlyForDeploymentPostprocessing = 0;
		};
/* End PBXSourcesBuildPhase section */

/* Begin XCBuildConfiguration section */
		4C01BEE72C26B082006B431B /* Debug */ = {
			isa = XCBuildConfiguration;
			baseConfigurationReference = 4C01BEF02C26B458006B431B /* Config.xcconfig */;
			buildSettings = {
				ALWAYS_SEARCH_USER_PATHS = NO;
				ASSETCATALOG_COMPILER_GENERATE_SWIFT_ASSET_SYMBOL_EXTENSIONS = YES;
				CLANG_ANALYZER_NONNULL = YES;
				CLANG_ANALYZER_NUMBER_OBJECT_CONVERSION = YES_AGGRESSIVE;
				CLANG_CXX_LANGUAGE_STANDARD = "gnu++20";
				CLANG_ENABLE_MODULES = YES;
				CLANG_ENABLE_OBJC_ARC = YES;
				CLANG_ENABLE_OBJC_WEAK = YES;
				CLANG_WARN_BLOCK_CAPTURE_AUTORELEASING = YES;
				CLANG_WARN_BOOL_CONVERSION = YES;
				CLANG_WARN_COMMA = YES;
				CLANG_WARN_CONSTANT_CONVERSION = YES;
				CLANG_WARN_DEPRECATED_OBJC_IMPLEMENTATIONS = YES;
				CLANG_WARN_DIRECT_OBJC_ISA_USAGE = YES_ERROR;
				CLANG_WARN_DOCUMENTATION_COMMENTS = YES;
				CLANG_WARN_EMPTY_BODY = YES;
				CLANG_WARN_ENUM_CONVERSION = YES;
				CLANG_WARN_INFINITE_RECURSION = YES;
				CLANG_WARN_INT_CONVERSION = YES;
				CLANG_WARN_NON_LITERAL_NULL_CONVERSION = YES;
				CLANG_WARN_OBJC_IMPLICIT_RETAIN_SELF = YES;
				CLANG_WARN_OBJC_LITERAL_CONVERSION = YES;
				CLANG_WARN_OBJC_ROOT_CLASS = YES_ERROR;
				CLANG_WARN_QUOTED_INCLUDE_IN_FRAMEWORK_HEADER = YES;
				CLANG_WARN_RANGE_LOOP_ANALYSIS = YES;
				CLANG_WARN_STRICT_PROTOTYPES = YES;
				CLANG_WARN_SUSPICIOUS_MOVE = YES;
				CLANG_WARN_UNGUARDED_AVAILABILITY = YES_AGGRESSIVE;
				CLANG_WARN_UNREACHABLE_CODE = YES;
				CLANG_WARN__DUPLICATE_METHOD_MATCH = YES;
				COPY_PHASE_STRIP = NO;
				DEBUG_INFORMATION_FORMAT = dwarf;
				ENABLE_STRICT_OBJC_MSGSEND = YES;
				ENABLE_TESTABILITY = YES;
				ENABLE_USER_SCRIPT_SANDBOXING = YES;
				GCC_C_LANGUAGE_STANDARD = gnu17;
				GCC_DYNAMIC_NO_PIC = NO;
				GCC_NO_COMMON_BLOCKS = YES;
				GCC_OPTIMIZATION_LEVEL = 0;
				GCC_PREPROCESSOR_DEFINITIONS = (
					"DEBUG=1",
					"$(inherited)",
				);
				GCC_WARN_64_TO_32_BIT_CONVERSION = YES;
				GCC_WARN_ABOUT_RETURN_TYPE = YES_ERROR;
				GCC_WARN_UNDECLARED_SELECTOR = YES;
				GCC_WARN_UNINITIALIZED_AUTOS = YES_AGGRESSIVE;
				GCC_WARN_UNUSED_FUNCTION = YES;
				GCC_WARN_UNUSED_VARIABLE = YES;
				IPHONEOS_DEPLOYMENT_TARGET = 17.5;
				LOCALIZATION_PREFERS_STRING_CATALOGS = YES;
				MTL_ENABLE_DEBUG_INFO = INCLUDE_SOURCE;
				MTL_FAST_MATH = YES;
				ONLY_ACTIVE_ARCH = YES;
				SDKROOT = iphoneos;
				SWIFT_ACTIVE_COMPILATION_CONDITIONS = "DEBUG $(inherited)";
				SWIFT_OPTIMIZATION_LEVEL = "-Onone";
			};
			name = Debug;
		};
		4C01BEE82C26B082006B431B /* Release */ = {
			isa = XCBuildConfiguration;
			baseConfigurationReference = 4C01BEF02C26B458006B431B /* Config.xcconfig */;
			buildSettings = {
				ALWAYS_SEARCH_USER_PATHS = NO;
				ASSETCATALOG_COMPILER_GENERATE_SWIFT_ASSET_SYMBOL_EXTENSIONS = YES;
				CLANG_ANALYZER_NONNULL = YES;
				CLANG_ANALYZER_NUMBER_OBJECT_CONVERSION = YES_AGGRESSIVE;
				CLANG_CXX_LANGUAGE_STANDARD = "gnu++20";
				CLANG_ENABLE_MODULES = YES;
				CLANG_ENABLE_OBJC_ARC = YES;
				CLANG_ENABLE_OBJC_WEAK = YES;
				CLANG_WARN_BLOCK_CAPTURE_AUTORELEASING = YES;
				CLANG_WARN_BOOL_CONVERSION = YES;
				CLANG_WARN_COMMA = YES;
				CLANG_WARN_CONSTANT_CONVERSION = YES;
				CLANG_WARN_DEPRECATED_OBJC_IMPLEMENTATIONS = YES;
				CLANG_WARN_DIRECT_OBJC_ISA_USAGE = YES_ERROR;
				CLANG_WARN_DOCUMENTATION_COMMENTS = YES;
				CLANG_WARN_EMPTY_BODY = YES;
				CLANG_WARN_ENUM_CONVERSION = YES;
				CLANG_WARN_INFINITE_RECURSION = YES;
				CLANG_WARN_INT_CONVERSION = YES;
				CLANG_WARN_NON_LITERAL_NULL_CONVERSION = YES;
				CLANG_WARN_OBJC_IMPLICIT_RETAIN_SELF = YES;
				CLANG_WARN_OBJC_LITERAL_CONVERSION = YES;
				CLANG_WARN_OBJC_ROOT_CLASS = YES_ERROR;
				CLANG_WARN_QUOTED_INCLUDE_IN_FRAMEWORK_HEADER = YES;
				CLANG_WARN_RANGE_LOOP_ANALYSIS = YES;
				CLANG_WARN_STRICT_PROTOTYPES = YES;
				CLANG_WARN_SUSPICIOUS_MOVE = YES;
				CLANG_WARN_UNGUARDED_AVAILABILITY = YES_AGGRESSIVE;
				CLANG_WARN_UNREACHABLE_CODE = YES;
				CLANG_WARN__DUPLICATE_METHOD_MATCH = YES;
				COPY_PHASE_STRIP = NO;
				DEBUG_INFORMATION_FORMAT = "dwarf-with-dsym";
				ENABLE_NS_ASSERTIONS = NO;
				ENABLE_STRICT_OBJC_MSGSEND = YES;
				ENABLE_USER_SCRIPT_SANDBOXING = YES;
				GCC_C_LANGUAGE_STANDARD = gnu17;
				GCC_NO_COMMON_BLOCKS = YES;
				GCC_WARN_64_TO_32_BIT_CONVERSION = YES;
				GCC_WARN_ABOUT_RETURN_TYPE = YES_ERROR;
				GCC_WARN_UNDECLARED_SELECTOR = YES;
				GCC_WARN_UNINITIALIZED_AUTOS = YES_AGGRESSIVE;
				GCC_WARN_UNUSED_FUNCTION = YES;
				GCC_WARN_UNUSED_VARIABLE = YES;
				IPHONEOS_DEPLOYMENT_TARGET = 17.5;
				LOCALIZATION_PREFERS_STRING_CATALOGS = YES;
				MTL_ENABLE_DEBUG_INFO = NO;
				MTL_FAST_MATH = YES;
				SDKROOT = iphoneos;
				SWIFT_COMPILATION_MODE = wholemodule;
				VALIDATE_PRODUCT = YES;
			};
			name = Release;
		};
		4C01BEEA2C26B082006B431B /* Debug */ = {
			isa = XCBuildConfiguration;
			buildSettings = {
				ASSETCATALOG_COMPILER_APPICON_NAME = AppIcon;
				ASSETCATALOG_COMPILER_GLOBAL_ACCENT_COLOR_NAME = AccentColor;
				CODE_SIGN_STYLE = Automatic;
				CURRENT_PROJECT_VERSION = 1;
				DEVELOPMENT_ASSET_PATHS = "\"MarsRoverPics/Preview Content\"";
				DEVELOPMENT_TEAM = JL37ZH7ZSY;
				ENABLE_PREVIEWS = YES;
				GENERATE_INFOPLIST_FILE = YES;
				INFOPLIST_FILE = MarsRoverPics/Info.plist;
				INFOPLIST_KEY_UIApplicationSceneManifest_Generation = YES;
				INFOPLIST_KEY_UIApplicationSupportsIndirectInputEvents = YES;
				INFOPLIST_KEY_UILaunchScreen_Generation = YES;
				INFOPLIST_KEY_UISupportedInterfaceOrientations_iPad = "UIInterfaceOrientationPortrait UIInterfaceOrientationPortraitUpsideDown UIInterfaceOrientationLandscapeLeft UIInterfaceOrientationLandscapeRight";
				INFOPLIST_KEY_UISupportedInterfaceOrientations_iPhone = "UIInterfaceOrientationPortrait UIInterfaceOrientationLandscapeLeft UIInterfaceOrientationLandscapeRight";
				LD_RUNPATH_SEARCH_PATHS = (
					"$(inherited)",
					"@executable_path/Frameworks",
				);
				MARKETING_VERSION = 1.0;
				PRODUCT_BUNDLE_IDENTIFIER = org.mizech.MarsRoverPics;
				PRODUCT_NAME = "$(TARGET_NAME)";
				SWIFT_EMIT_LOC_STRINGS = YES;
				SWIFT_VERSION = 5.0;
				TARGETED_DEVICE_FAMILY = "1,2";
			};
			name = Debug;
		};
		4C01BEEB2C26B082006B431B /* Release */ = {
			isa = XCBuildConfiguration;
			buildSettings = {
				ASSETCATALOG_COMPILER_APPICON_NAME = AppIcon;
				ASSETCATALOG_COMPILER_GLOBAL_ACCENT_COLOR_NAME = AccentColor;
				CODE_SIGN_STYLE = Automatic;
				CURRENT_PROJECT_VERSION = 1;
				DEVELOPMENT_ASSET_PATHS = "\"MarsRoverPics/Preview Content\"";
				DEVELOPMENT_TEAM = JL37ZH7ZSY;
				ENABLE_PREVIEWS = YES;
				GENERATE_INFOPLIST_FILE = YES;
				INFOPLIST_FILE = MarsRoverPics/Info.plist;
				INFOPLIST_KEY_UIApplicationSceneManifest_Generation = YES;
				INFOPLIST_KEY_UIApplicationSupportsIndirectInputEvents = YES;
				INFOPLIST_KEY_UILaunchScreen_Generation = YES;
				INFOPLIST_KEY_UISupportedInterfaceOrientations_iPad = "UIInterfaceOrientationPortrait UIInterfaceOrientationPortraitUpsideDown UIInterfaceOrientationLandscapeLeft UIInterfaceOrientationLandscapeRight";
				INFOPLIST_KEY_UISupportedInterfaceOrientations_iPhone = "UIInterfaceOrientationPortrait UIInterfaceOrientationLandscapeLeft UIInterfaceOrientationLandscapeRight";
				LD_RUNPATH_SEARCH_PATHS = (
					"$(inherited)",
					"@executable_path/Frameworks",
				);
				MARKETING_VERSION = 1.0;
				PRODUCT_BUNDLE_IDENTIFIER = org.mizech.MarsRoverPics;
				PRODUCT_NAME = "$(TARGET_NAME)";
				SWIFT_EMIT_LOC_STRINGS = YES;
				SWIFT_VERSION = 5.0;
				TARGETED_DEVICE_FAMILY = "1,2";
			};
			name = Release;
		};
/* End XCBuildConfiguration section */

/* Begin XCConfigurationList section */
		4C01BED62C26B081006B431B /* Build configuration list for PBXProject "MarsRoverPics" */ = {
			isa = XCConfigurationList;
			buildConfigurations = (
				4C01BEE72C26B082006B431B /* Debug */,
				4C01BEE82C26B082006B431B /* Release */,
			);
			defaultConfigurationIsVisible = 0;
			defaultConfigurationName = Release;
		};
		4C01BEE92C26B082006B431B /* Build configuration list for PBXNativeTarget "MarsRoverPics" */ = {
			isa = XCConfigurationList;
			buildConfigurations = (
				4C01BEEA2C26B082006B431B /* Debug */,
				4C01BEEB2C26B082006B431B /* Release */,
			);
			defaultConfigurationIsVisible = 0;
			defaultConfigurationName = Release;
		};
/* End XCConfigurationList section */
	};
	rootObject = 4C01BED32C26B081006B431B /* Project object */;
}
